
Microsoft Visual Studio Solution File, Format Version 12.00
# Visual Studio Version 17
VisualStudioVersion = 17.14.36301.6
MinimumVisualStudioVersion = 10.0.40219.1
Project("{FAE04EC0-301F-11D3-BF4B-00C04F79EFBC}") = "Renova.WebApi", "src\Renova.WebApi\Renova.WebApi.csproj", "{0A8BF544-02FB-89DD-FA0C-AB2F26E34BD7}"
EndProject
Project("{2150E333-8FDC-42A3-9474-1A3956D46DE8}") = "framework", "framework", "{02EA681E-C7D8-13C7-8484-4AC65E1B71E8}"
EndProject
Project("{FAE04EC0-301F-11D3-BF4B-00C04F79EFBC}") = "Renova.Core", "framework\Renova.Core\Renova.Core.csproj", "{33397922-3DEF-12B6-CD87-85BC2AD4D2FB}"
EndProject
Project("{FAE04EC0-301F-11D3-BF4B-00C04F79EFBC}") = "Renova.Serilog", "framework\Renova.Serilog\Renova.Serilog.csproj", "{AED60BBB-7F3A-4F22-AB1A-65FA264D3DF5}"
EndProject
Project("{FAE04EC0-301F-11D3-BF4B-00C04F79EFBC}") = "Renova.Autofac", "framework\Renova.Autofac\Renova.Autofac.csproj", "{0066790E-32B6-4307-8D3D-E35F01F1251E}"
EndProject
Project("{FAE04EC0-301F-11D3-BF4B-00C04F79EFBC}") = "Renova.RabbitMQ", "framework\Renova.RabbitMQ\Renova.RabbitMQ.csproj", "{FFB105E0-2561-4BCE-9534-22D26D7B60B4}"
EndProject
Project("{FAE04EC0-301F-11D3-BF4B-00C04F79EFBC}") = "Renova.EventBus", "framework\Renova.EventBus\Renova.EventBus.csproj", "{3DA96C06-F3E6-4A68-BE41-E14BA636DF73}"
EndProject
Global
	GlobalSection(SolutionConfigurationPlatforms) = preSolution
		Debug|Any CPU = Debug|Any CPU
		Release|Any CPU = Release|Any CPU
	EndGlobalSection
	GlobalSection(ProjectConfigurationPlatforms) = postSolution
		{0A8BF544-02FB-89DD-FA0C-AB2F26E34BD7}.Debug|Any CPU.ActiveCfg = Debug|Any CPU
		{0A8BF544-02FB-89DD-FA0C-AB2F26E34BD7}.Debug|Any CPU.Build.0 = Debug|Any CPU
		{0A8BF544-02FB-89DD-FA0C-AB2F26E34BD7}.Release|Any CPU.ActiveCfg = Release|Any CPU
		{0A8BF544-02FB-89DD-FA0C-AB2F26E34BD7}.Release|Any CPU.Build.0 = Release|Any CPU
		{33397922-3DEF-12B6-CD87-85BC2AD4D2FB}.Debug|Any CPU.ActiveCfg = Debug|Any CPU
		{33397922-3DEF-12B6-CD87-85BC2AD4D2FB}.Debug|Any CPU.Build.0 = Debug|Any CPU
		{33397922-3DEF-12B6-CD87-85BC2AD4D2FB}.Release|Any CPU.ActiveCfg = Release|Any CPU
		{33397922-3DEF-12B6-CD87-85BC2AD4D2FB}.Release|Any CPU.Build.0 = Release|Any CPU
		{AED60BBB-7F3A-4F22-AB1A-65FA264D3DF5}.Debug|Any CPU.ActiveCfg = Debug|Any CPU
		{AED60BBB-7F3A-4F22-AB1A-65FA264D3DF5}.Debug|Any CPU.Build.0 = Debug|Any CPU
		{AED60BBB-7F3A-4F22-AB1A-65FA264D3DF5}.Release|Any CPU.ActiveCfg = Release|Any CPU
		{AED60BBB-7F3A-4F22-AB1A-65FA264D3DF5}.Release|Any CPU.Build.0 = Release|Any CPU
		{0066790E-32B6-4307-8D3D-E35F01F1251E}.Debug|Any CPU.ActiveCfg = Debug|Any CPU
		{0066790E-32B6-4307-8D3D-E35F01F1251E}.Debug|Any CPU.Build.0 = Debug|Any CPU
		{0066790E-32B6-4307-8D3D-E35F01F1251E}.Release|Any CPU.ActiveCfg = Release|Any CPU
		{0066790E-32B6-4307-8D3D-E35F01F1251E}.Release|Any CPU.Build.0 = Release|Any CPU
		{FFB105E0-2561-4BCE-9534-22D26D7B60B4}.Debug|Any CPU.ActiveCfg = Debug|Any CPU
		{FFB105E0-2561-4BCE-9534-22D26D7B60B4}.Debug|Any CPU.Build.0 = Debug|Any CPU
		{FFB105E0-2561-4BCE-9534-22D26D7B60B4}.Release|Any CPU.ActiveCfg = Release|Any CPU
		{FFB105E0-2561-4BCE-9534-22D26D7B60B4}.Release|Any CPU.Build.0 = Release|Any CPU
		{3DA96C06-F3E6-4A68-BE41-E14BA636DF73}.Debug|Any CPU.ActiveCfg = Debug|Any CPU
		{3DA96C06-F3E6-4A68-BE41-E14BA636DF73}.Debug|Any CPU.Build.0 = Debug|Any CPU
		{3DA96C06-F3E6-4A68-BE41-E14BA636DF73}.Release|Any CPU.ActiveCfg = Release|Any CPU
		{3DA96C06-F3E6-4A68-BE41-E14BA636DF73}.Release|Any CPU.Build.0 = Release|Any CPU
	EndGlobalSection
	GlobalSection(SolutionProperties) = preSolution
		HideSolutionNode = FALSE
	EndGlobalSection
	GlobalSection(NestedProjects) = preSolution
		{33397922-3DEF-12B6-CD87-85BC2AD4D2FB} = {02EA681E-C7D8-13C7-8484-4AC65E1B71E8}
		{AED60BBB-7F3A-4F22-AB1A-65FA264D3DF5} = {02EA681E-C7D8-13C7-8484-4AC65E1B71E8}
		{0066790E-32B6-4307-8D3D-E35F01F1251E} = {02EA681E-C7D8-13C7-8484-4AC65E1B71E8}
		{FFB105E0-2561-4BCE-9534-22D26D7B60B4} = {02EA681E-C7D8-13C7-8484-4AC65E1B71E8}
		{3DA96C06-F3E6-4A68-BE41-E14BA636DF73} = {02EA681E-C7D8-13C7-8484-4AC65E1B71E8}
	EndGlobalSection
	GlobalSection(ExtensibilityGlobals) = postSolution
		SolutionGuid = {70662F9B-1285-45EA-8FBA-D779A0696EF9}
	EndGlobalSection
EndGlobal
